
Microsoft Visual Studio Solution File, Format Version 12.00
# Visual Studio Version 16
VisualStudioVersion = 16.0.32228.343
MinimumVisualStudioVersion = 10.0.40219.1
Project("{FAE04EC0-301F-11D3-BF4B-00C04F79EFBC}") = "RPGArtifactsMenager", "RPGArtifactsMenager\RPGArtifactsMenager.csproj", "{4E832DCC-82E4-461A-8288-591A43A9C144}"
EndProject
Global
	GlobalSection(SolutionConfigurationPlatforms) = preSolution
		Debug|Any CPU = Debug|Any CPU
		Release|Any CPU = Release|Any CPU
	EndGlobalSection
	GlobalSection(ProjectConfigurationPlatforms) = postSolution
		{4E832DCC-82E4-461A-8288-591A43A9C144}.Debug|Any CPU.ActiveCfg = Debug|Any CPU
		{4E832DCC-82E4-461A-8288-591A43A9C144}.Debug|Any CPU.Build.0 = Debug|Any CPU
		{4E832DCC-82E4-461A-8288-591A43A9C144}.Release|Any CPU.ActiveCfg = Release|Any CPU
		{4E832DCC-82E4-461A-8288-591A43A9C144}.Release|Any CPU.Build.0 = Release|Any CPU
	EndGlobalSection
	GlobalSection(SolutionProperties) = preSolution
		HideSolutionNode = FALSE
	EndGlobalSection
	GlobalSection(ExtensibilityGlobals) = postSolution
		SolutionGuid = {AB031ADC-8A8F-4862-A3E6-6C2339793DA0}
	EndGlobalSection
EndGlobal
